// !$*UTF8*$!
{
	archiveVersion = 1;
	classes = {
	};
	objectVersion = 56;
	objects = {

/* Begin PBXBuildFile section */
		584AA7862C060CED00CFB798 /* Test.swift in Sources */ = {isa = PBXBuildFile; fileRef = 584AA7852C060CED00CFB798 /* Test.swift */; };
		584AA78B2C060D6800CFB798 /* main.swift in Sources */ = {isa = PBXBuildFile; fileRef = 584AA78A2C060D6800CFB798 /* main.swift */; };
		584AA78E2C060D7900CFB798 /* main.swift in Sources */ = {isa = PBXBuildFile; fileRef = 584AA78C2C060D7900CFB798 /* main.swift */; };
		5A4FA27A2C429916004B8333 /* Product.swift in Sources */ = {isa = PBXBuildFile; fileRef = 5A4FA2792C429916004B8333 /* Product.swift */; };
		5A4FA27B2C429916004B8333 /* Product.swift in Sources */ = {isa = PBXBuildFile; fileRef = 5A4FA2792C429916004B8333 /* Product.swift */; };
		5A4FA27D2C429944004B8333 /* InventoryManager.swift in Sources */ = {isa = PBXBuildFile; fileRef = 5A4FA27C2C429944004B8333 /* InventoryManager.swift */; };
		5A4FA27E2C429944004B8333 /* InventoryManager.swift in Sources */ = {isa = PBXBuildFile; fileRef = 5A4FA27C2C429944004B8333 /* InventoryManager.swift */; };
		5A4FA2802C42996D004B8333 /* InventoryController.swift in Sources */ = {isa = PBXBuildFile; fileRef = 5A4FA27F2C42996D004B8333 /* InventoryController.swift */; };
		5A4FA2812C42996D004B8333 /* InventoryController.swift in Sources */ = {isa = PBXBuildFile; fileRef = 5A4FA27F2C42996D004B8333 /* InventoryController.swift */; };
/* End PBXBuildFile section */

/* Begin PBXCopyFilesBuildPhase section */
		584AA7732C060CA900CFB798 /* CopyFiles */ = {
			isa = PBXCopyFilesBuildPhase;
			buildActionMask = 2147483647;
			dstPath = /usr/share/man/man1/;
			dstSubfolderSpec = 0;
			files = (
			);
			runOnlyForDeploymentPostprocessing = 1;
		};
/* End PBXCopyFilesBuildPhase section */

/* Begin PBXFileReference section */
		584AA7752C060CA900CFB798 /* Project */ = {isa = PBXFileReference; explicitFileType = "compiled.mach-o.executable"; includeInIndex = 0; path = Project; sourceTree = BUILT_PRODUCTS_DIR; };
		584AA7832C060CED00CFB798 /* Test.xctest */ = {isa = PBXFileReference; explicitFileType = wrapper.cfbundle; includeInIndex = 0; path = Test.xctest; sourceTree = BUILT_PRODUCTS_DIR; };
		584AA7852C060CED00CFB798 /* Test.swift */ = {isa = PBXFileReference; lastKnownFileType = sourcecode.swift; path = Test.swift; sourceTree = "<group>"; };
		584AA78A2C060D6800CFB798 /* main.swift */ = {isa = PBXFileReference; fileEncoding = 4; lastKnownFileType = sourcecode.swift; name = main.swift; path = src/main.swift; sourceTree = "<group>"; };
		584AA78C2C060D7900CFB798 /* main.swift */ = {isa = PBXFileReference; fileEncoding = 4; lastKnownFileType = sourcecode.swift; path = main.swift; sourceTree = "<group>"; };
		5A4FA2792C429916004B8333 /* Product.swift */ = {isa = PBXFileReference; lastKnownFileType = sourcecode.swift; path = Product.swift; sourceTree = "<group>"; };
		5A4FA27C2C429944004B8333 /* InventoryManager.swift */ = {isa = PBXFileReference; lastKnownFileType = sourcecode.swift; path = InventoryManager.swift; sourceTree = "<group>"; };
		5A4FA27F2C42996D004B8333 /* InventoryController.swift */ = {isa = PBXFileReference; lastKnownFileType = sourcecode.swift; path = InventoryController.swift; sourceTree = "<group>"; };
/* End PBXFileReference section */

/* Begin PBXFrameworksBuildPhase section */
		584AA7722C060CA900CFB798 /* Frameworks */ = {
			isa = PBXFrameworksBuildPhase;
			buildActionMask = 2147483647;
			files = (
			);
			runOnlyForDeploymentPostprocessing = 0;
		};
		584AA7802C060CED00CFB798 /* Frameworks */ = {
			isa = PBXFrameworksBuildPhase;
			buildActionMask = 2147483647;
			files = (
			);
			runOnlyForDeploymentPostprocessing = 0;
		};
/* End PBXFrameworksBuildPhase section */

/* Begin PBXGroup section */
		584AA76C2C060CA800CFB798 = {
			isa = PBXGroup;
			children = (
				584AA7772C060CA900CFB798 /* Project */,
				584AA7842C060CED00CFB798 /* Test */,
				584AA7762C060CA900CFB798 /* Products */,
			);
			sourceTree = "<group>";
		};
		584AA7762C060CA900CFB798 /* Products */ = {
			isa = PBXGroup;
			children = (
				584AA7752C060CA900CFB798 /* Project */,
				584AA7832C060CED00CFB798 /* Test.xctest */,
			);
			name = Products;
			sourceTree = "<group>";
		};
		584AA7772C060CA900CFB798 /* Project */ = {
			isa = PBXGroup;
			children = (
				584AA78A2C060D6800CFB798 /* main.swift */,
				5A4FA2792C429916004B8333 /* Product.swift */,
				5A4FA27C2C429944004B8333 /* InventoryManager.swift */,
				5A4FA27F2C42996D004B8333 /* InventoryController.swift */,
			);
			path = Project;
			sourceTree = "<group>";
		};
		584AA7842C060CED00CFB798 /* Test */ = {
			isa = PBXGroup;
			children = (
				584AA78D2C060D7900CFB798 /* src */,
				584AA7852C060CED00CFB798 /* Test.swift */,
			);
			path = Test;
			sourceTree = "<group>";
		};
		584AA78D2C060D7900CFB798 /* src */ = {
			isa = PBXGroup;
			children = (
				584AA78C2C060D7900CFB798 /* main.swift */,
			);
			name = src;
			path = Project/src;
			sourceTree = SOURCE_ROOT;
		};
/* End PBXGroup section */

/* Begin PBXNativeTarget section */
		584AA7742C060CA900CFB798 /* Project */ = {
			isa = PBXNativeTarget;
			buildConfigurationList = 584AA77C2C060CA900CFB798 /* Build configuration list for PBXNativeTarget "Project" */;
			buildPhases = (
				584AA7712C060CA900CFB798 /* Sources */,
				584AA7722C060CA900CFB798 /* Frameworks */,
				584AA7732C060CA900CFB798 /* CopyFiles */,
			);
			buildRules = (
			);
			dependencies = (
			);
			name = Project;
			productName = Project;
			productReference = 584AA7752C060CA900CFB798 /* Project */;
			productType = "com.apple.product-type.tool";
		};
		584AA7822C060CED00CFB798 /* Test */ = {
			isa = PBXNativeTarget;
			buildConfigurationList = 584AA7872C060CED00CFB798 /* Build configuration list for PBXNativeTarget "Test" */;
			buildPhases = (
				584AA77F2C060CED00CFB798 /* Sources */,
				584AA7802C060CED00CFB798 /* Frameworks */,
				584AA7812C060CED00CFB798 /* Resources */,
			);
			buildRules = (
			);
			dependencies = (
			);
			name = Test;
			productName = Test;
			productReference = 584AA7832C060CED00CFB798 /* Test.xctest */;
			productType = "com.apple.product-type.bundle.unit-test";
		};
/* End PBXNativeTarget section */

/* Begin PBXProject section */
		584AA76D2C060CA800CFB798 /* Project object */ = {
			isa = PBXProject;
			attributes = {
				BuildIndependentTargetsInParallel = 1;
				LastSwiftUpdateCheck = 1540;
				LastUpgradeCheck = 1540;
				TargetAttributes = {
					584AA7742C060CA900CFB798 = {
						CreatedOnToolsVersion = 15.4;
						LastSwiftMigration = 1540;
					};
					584AA7822C060CED00CFB798 = {
						CreatedOnToolsVersion = 15.4;
					};
				};
			};
			buildConfigurationList = 584AA7702C060CA800CFB798 /* Build configuration list for PBXProject "Project" */;
			compatibilityVersion = "Xcode 14.0";
			developmentRegion = en;
			hasScannedForEncodings = 0;
			knownRegions = (
				en,
				Base,
			);
			mainGroup = 584AA76C2C060CA800CFB798;
			productRefGroup = 584AA7762C060CA900CFB798 /* Products */;
			projectDirPath = "";
			projectRoot = "";
			targets = (
				584AA7742C060CA900CFB798 /* Project */,
				584AA7822C060CED00CFB798 /* Test */,
			);
		};
/* End PBXProject section */

/* Begin PBXResourcesBuildPhase section */
		584AA7812C060CED00CFB798 /* Resources */ = {
			isa = PBXResourcesBuildPhase;
			buildActionMask = 2147483647;
			files = (
			);
			runOnlyForDeploymentPostprocessing = 0;
		};
/* End PBXResourcesBuildPhase section */

/* Begin PBXSourcesBuildPhase section */
		584AA7712C060CA900CFB798 /* Sources */ = {
			isa = PBXSourcesBuildPhase;
			buildActionMask = 2147483647;
			files = (
				584AA78B2C060D6800CFB798 /* main.swift in Sources */,
				5A4FA2802C42996D004B8333 /* InventoryController.swift in Sources */,
				5A4FA27D2C429944004B8333 /* InventoryManager.swift in Sources */,
				5A4FA27A2C429916004B8333 /* Product.swift in Sources */,
			);
			runOnlyForDeploymentPostprocessing = 0;
		};
		584AA77F2C060CED00CFB798 /* Sources */ = {
			isa = PBXSourcesBuildPhase;
			buildActionMask = 2147483647;
			files = (
				5A4FA2812C42996D004B8333 /* InventoryController.swift in Sources */,
				584AA78E2C060D7900CFB798 /* main.swift in Sources */,
				584AA7862C060CED00CFB798 /* Test.swift in Sources */,
				5A4FA27E2C429944004B8333 /* InventoryManager.swift in Sources */,
				5A4FA27B2C429916004B8333 /* Product.swift in Sources */,
			);
			runOnlyForDeploymentPostprocessing = 0;
		};
/* End PBXSourcesBuildPhase section */

/* Begin XCBuildConfiguration section */
		584AA77A2C060CA900CFB798 /* Debug */ = {
			isa = XCBuildConfiguration;
			buildSettings = {
				ALWAYS_SEARCH_USER_PATHS = NO;
				ASSETCATALOG_COMPILER_GENERATE_SWIFT_ASSET_SYMBOL_EXTENSIONS = YES;
				CLANG_ANALYZER_NONNULL = YES;
				CLANG_ANALYZER_NUMBER_OBJECT_CONVERSION = YES_AGGRESSIVE;
				CLANG_CXX_LANGUAGE_STANDARD = "gnu++20";
				CLANG_ENABLE_MODULES = YES;
				CLANG_ENABLE_OBJC_ARC = YES;
				CLANG_ENABLE_OBJC_WEAK = YES;
				CLANG_WARN_BLOCK_CAPTURE_AUTORELEASING = YES;
				CLANG_WARN_BOOL_CONVERSION = YES;
				CLANG_WARN_COMMA = YES;
				CLANG_WARN_CONSTANT_CONVERSION = YES;
				CLANG_WARN_DEPRECATED_OBJC_IMPLEMENTATIONS = YES;
				CLANG_WARN_DIRECT_OBJC_ISA_USAGE = YES_ERROR;
				CLANG_WARN_DOCUMENTATION_COMMENTS = YES;
				CLANG_WARN_EMPTY_BODY = YES;
				CLANG_WARN_ENUM_CONVERSION = YES;
				CLANG_WARN_INFINITE_RECURSION = YES;
				CLANG_WARN_INT_CONVERSION = YES;
				CLANG_WARN_NON_LITERAL_NULL_CONVERSION = YES;
				CLANG_WARN_OBJC_IMPLICIT_RETAIN_SELF = YES;
				CLANG_WARN_OBJC_LITERAL_CONVERSION = YES;
				CLANG_WARN_OBJC_ROOT_CLASS = YES_ERROR;
				CLANG_WARN_QUOTED_INCLUDE_IN_FRAMEWORK_HEADER = YES;
				CLANG_WARN_RANGE_LOOP_ANALYSIS = YES;
				CLANG_WARN_STRICT_PROTOTYPES = YES;
				CLANG_WARN_SUSPICIOUS_MOVE = YES;
				CLANG_WARN_UNGUARDED_AVAILABILITY = YES_AGGRESSIVE;
				CLANG_WARN_UNREACHABLE_CODE = YES;
				CLANG_WARN__DUPLICATE_METHOD_MATCH = YES;
				COPY_PHASE_STRIP = NO;
				DEBUG_INFORMATION_FORMAT = dwarf;
				ENABLE_STRICT_OBJC_MSGSEND = YES;
				ENABLE_TESTABILITY = YES;
				ENABLE_USER_SCRIPT_SANDBOXING = YES;
				GCC_C_LANGUAGE_STANDARD = gnu17;
				GCC_DYNAMIC_NO_PIC = NO;
				GCC_NO_COMMON_BLOCKS = YES;
				GCC_OPTIMIZATION_LEVEL = 0;
				GCC_PREPROCESSOR_DEFINITIONS = (
					"DEBUG=1",
					"$(inherited)",
				);
				GCC_WARN_64_TO_32_BIT_CONVERSION = YES;
				GCC_WARN_ABOUT_RETURN_TYPE = YES_ERROR;
				GCC_WARN_UNDECLARED_SELECTOR = YES;
				GCC_WARN_UNINITIALIZED_AUTOS = YES_AGGRESSIVE;
				GCC_WARN_UNUSED_FUNCTION = YES;
				GCC_WARN_UNUSED_VARIABLE = YES;
				LOCALIZATION_PREFERS_STRING_CATALOGS = YES;
				MACOSX_DEPLOYMENT_TARGET = 14.5;
				MTL_ENABLE_DEBUG_INFO = INCLUDE_SOURCE;
				MTL_FAST_MATH = YES;
				ONLY_ACTIVE_ARCH = YES;
				SDKROOT = macosx;
				SWIFT_ACTIVE_COMPILATION_CONDITIONS = "DEBUG $(inherited)";
				SWIFT_OPTIMIZATION_LEVEL = "-Onone";
			};
			name = Debug;
		};
		584AA77B2C060CA900CFB798 /* Release */ = {
			isa = XCBuildConfiguration;
			buildSettings = {
				ALWAYS_SEARCH_USER_PATHS = NO;
				ASSETCATALOG_COMPILER_GENERATE_SWIFT_ASSET_SYMBOL_EXTENSIONS = YES;
				CLANG_ANALYZER_NONNULL = YES;
				CLANG_ANALYZER_NUMBER_OBJECT_CONVERSION = YES_AGGRESSIVE;
				CLANG_CXX_LANGUAGE_STANDARD = "gnu++20";
				CLANG_ENABLE_MODULES = YES;
				CLANG_ENABLE_OBJC_ARC = YES;
				CLANG_ENABLE_OBJC_WEAK = YES;
				CLANG_WARN_BLOCK_CAPTURE_AUTORELEASING = YES;
				CLANG_WARN_BOOL_CONVERSION = YES;
				CLANG_WARN_COMMA = YES;
				CLANG_WARN_CONSTANT_CONVERSION = YES;
				CLANG_WARN_DEPRECATED_OBJC_IMPLEMENTATIONS = YES;
				CLANG_WARN_DIRECT_OBJC_ISA_USAGE = YES_ERROR;
				CLANG_WARN_DOCUMENTATION_COMMENTS = YES;
				CLANG_WARN_EMPTY_BODY = YES;
				CLANG_WARN_ENUM_CONVERSION = YES;
				CLANG_WARN_INFINITE_RECURSION = YES;
				CLANG_WARN_INT_CONVERSION = YES;
				CLANG_WARN_NON_LITERAL_NULL_CONVERSION = YES;
				CLANG_WARN_OBJC_IMPLICIT_RETAIN_SELF = YES;
				CLANG_WARN_OBJC_LITERAL_CONVERSION = YES;
				CLANG_WARN_OBJC_ROOT_CLASS = YES_ERROR;
				CLANG_WARN_QUOTED_INCLUDE_IN_FRAMEWORK_HEADER = YES;
				CLANG_WARN_RANGE_LOOP_ANALYSIS = YES;
				CLANG_WARN_STRICT_PROTOTYPES = YES;
				CLANG_WARN_SUSPICIOUS_MOVE = YES;
				CLANG_WARN_UNGUARDED_AVAILABILITY = YES_AGGRESSIVE;
				CLANG_WARN_UNREACHABLE_CODE = YES;
				CLANG_WARN__DUPLICATE_METHOD_MATCH = YES;
				COPY_PHASE_STRIP = NO;
				DEBUG_INFORMATION_FORMAT = "dwarf-with-dsym";
				ENABLE_NS_ASSERTIONS = NO;
				ENABLE_STRICT_OBJC_MSGSEND = YES;
				ENABLE_USER_SCRIPT_SANDBOXING = YES;
				GCC_C_LANGUAGE_STANDARD = gnu17;
				GCC_NO_COMMON_BLOCKS = YES;
				GCC_WARN_64_TO_32_BIT_CONVERSION = YES;
				GCC_WARN_ABOUT_RETURN_TYPE = YES_ERROR;
				GCC_WARN_UNDECLARED_SELECTOR = YES;
				GCC_WARN_UNINITIALIZED_AUTOS = YES_AGGRESSIVE;
				GCC_WARN_UNUSED_FUNCTION = YES;
				GCC_WARN_UNUSED_VARIABLE = YES;
				LOCALIZATION_PREFERS_STRING_CATALOGS = YES;
				MACOSX_DEPLOYMENT_TARGET = 14.5;
				MTL_ENABLE_DEBUG_INFO = NO;
				MTL_FAST_MATH = YES;
				SDKROOT = macosx;
				SWIFT_COMPILATION_MODE = wholemodule;
			};
			name = Release;
		};
		584AA77D2C060CA900CFB798 /* Debug */ = {
			isa = XCBuildConfiguration;
			buildSettings = {
				CLANG_ENABLE_MODULES = YES;
				CODE_SIGN_STYLE = Automatic;
				DEVELOPMENT_TEAM = DZ7D4XSYJG;
				ENABLE_HARDENED_RUNTIME = YES;
				PRODUCT_NAME = "$(TARGET_NAME)";
				SWIFT_OPTIMIZATION_LEVEL = "-Onone";
				SWIFT_VERSION = 5.0;
			};
			name = Debug;
		};
		584AA77E2C060CA900CFB798 /* Release */ = {
			isa = XCBuildConfiguration;
			buildSettings = {
				CLANG_ENABLE_MODULES = YES;
				CODE_SIGN_STYLE = Automatic;
				DEVELOPMENT_TEAM = DZ7D4XSYJG;
				ENABLE_HARDENED_RUNTIME = YES;
				PRODUCT_NAME = "$(TARGET_NAME)";
				SWIFT_VERSION = 5.0;
			};
			name = Release;
		};
		584AA7882C060CED00CFB798 /* Debug */ = {
			isa = XCBuildConfiguration;
			buildSettings = {
				CODE_SIGN_STYLE = Automatic;
				CURRENT_PROJECT_VERSION = 1;
				DEVELOPMENT_TEAM = DZ7D4XSYJG;
				GENERATE_INFOPLIST_FILE = YES;
				MARKETING_VERSION = 1.0;
				PRODUCT_BUNDLE_IDENTIFIER = com.profprog.Test;
				PRODUCT_NAME = "$(TARGET_NAME)";
				SWIFT_EMIT_LOC_STRINGS = NO;
				SWIFT_VERSION = 5.0;
			};
			name = Debug;
		};
		584AA7892C060CED00CFB798 /* Release */ = {
			isa = XCBuildConfiguration;
			buildSettings = {
				CODE_SIGN_STYLE = Automatic;
				CURRENT_PROJECT_VERSION = 1;
				DEVELOPMENT_TEAM = DZ7D4XSYJG;
				GENERATE_INFOPLIST_FILE = YES;
				MARKETING_VERSION = 1.0;
				PRODUCT_BUNDLE_IDENTIFIER = com.profprog.Test;
				PRODUCT_NAME = "$(TARGET_NAME)";
				SWIFT_EMIT_LOC_STRINGS = NO;
				SWIFT_VERSION = 5.0;
			};
			name = Release;
		};
/* End XCBuildConfiguration section */

/* Begin XCConfigurationList section */
		584AA7702C060CA800CFB798 /* Build configuration list for PBXProject "Project" */ = {
			isa = XCConfigurationList;
			buildConfigurations = (
				584AA77A2C060CA900CFB798 /* Debug */,
				584AA77B2C060CA900CFB798 /* Release */,
			);
			defaultConfigurationIsVisible = 0;
			defaultConfigurationName = Release;
		};
		584AA77C2C060CA900CFB798 /* Build configuration list for PBXNativeTarget "Project" */ = {
			isa = XCConfigurationList;
			buildConfigurations = (
				584AA77D2C060CA900CFB798 /* Debug */,
				584AA77E2C060CA900CFB798 /* Release */,
			);
			defaultConfigurationIsVisible = 0;
			defaultConfigurationName = Release;
		};
		584AA7872C060CED00CFB798 /* Build configuration list for PBXNativeTarget "Test" */ = {
			isa = XCConfigurationList;
			buildConfigurations = (
				584AA7882C060CED00CFB798 /* Debug */,
				584AA7892C060CED00CFB798 /* Release */,
			);
			defaultConfigurationIsVisible = 0;
			defaultConfigurationName = Release;
		};
/* End XCConfigurationList section */
	};
	rootObject = 584AA76D2C060CA800CFB798 /* Project object */;
}
